
Microsoft Visual Studio Solution File, Format Version 12.00
# Visual Studio 15
Project("{FAE04EC0-301F-11D3-BF4B-00C04F79EFBC}") = "GætEtTal3.0", "GætEtTal3.0\GætEtTal3.0.csproj", "{7941EFAB-FEB9-4EE1-90FE-AEE936385698}"
EndProject
Global
	GlobalSection(SolutionConfigurationPlatforms) = preSolution
		Debug|Any CPU = Debug|Any CPU
		Release|Any CPU = Release|Any CPU
	EndGlobalSection
	GlobalSection(ProjectConfigurationPlatforms) = postSolution
		{7941EFAB-FEB9-4EE1-90FE-AEE936385698}.Debug|Any CPU.ActiveCfg = Debug|Any CPU
		{7941EFAB-FEB9-4EE1-90FE-AEE936385698}.Debug|Any CPU.Build.0 = Debug|Any CPU
		{7941EFAB-FEB9-4EE1-90FE-AEE936385698}.Release|Any CPU.ActiveCfg = Release|Any CPU
		{7941EFAB-FEB9-4EE1-90FE-AEE936385698}.Release|Any CPU.Build.0 = Release|Any CPU
	EndGlobalSection
EndGlobal
